
Microsoft Visual Studio Solution File, Format Version 12.00
# Visual Studio Version 16
VisualStudioVersion = 16.0.30225.117
MinimumVisualStudioVersion = 10.0.40219.1
Project("{FAE04EC0-301F-11D3-BF4B-00C04F79EFBC}") = "MethodsLR", "MethodsLR\MethodsLR.csproj", "{D2B416A4-801D-43DF-87E8-202C1A801A97}"
EndProject
Project("{FAE04EC0-301F-11D3-BF4B-00C04F79EFBC}") = "LabMethod", "LabMethod\LabMethod.csproj", "{69522A1A-63BE-4C83-87FE-A465650A1B58}"
EndProject
Global
	GlobalSection(SolutionConfigurationPlatforms) = preSolution
		Debug|Any CPU = Debug|Any CPU
		Release|Any CPU = Release|Any CPU
	EndGlobalSection
	GlobalSection(ProjectConfigurationPlatforms) = postSolution
		{D2B416A4-801D-43DF-87E8-202C1A801A97}.Debug|Any CPU.ActiveCfg = Debug|Any CPU
		{D2B416A4-801D-43DF-87E8-202C1A801A97}.Debug|Any CPU.Build.0 = Debug|Any CPU
		{D2B416A4-801D-43DF-87E8-202C1A801A97}.Release|Any CPU.ActiveCfg = Release|Any CPU
		{D2B416A4-801D-43DF-87E8-202C1A801A97}.Release|Any CPU.Build.0 = Release|Any CPU
		{69522A1A-63BE-4C83-87FE-A465650A1B58}.Debug|Any CPU.ActiveCfg = Debug|Any CPU
		{69522A1A-63BE-4C83-87FE-A465650A1B58}.Debug|Any CPU.Build.0 = Debug|Any CPU
		{69522A1A-63BE-4C83-87FE-A465650A1B58}.Release|Any CPU.ActiveCfg = Release|Any CPU
		{69522A1A-63BE-4C83-87FE-A465650A1B58}.Release|Any CPU.Build.0 = Release|Any CPU
	EndGlobalSection
	GlobalSection(SolutionProperties) = preSolution
		HideSolutionNode = FALSE
	EndGlobalSection
	GlobalSection(ExtensibilityGlobals) = postSolution
		SolutionGuid = {AC692F51-5B5F-476A-BFC9-85CD2607946D}
	EndGlobalSection
EndGlobal
